
Microsoft Visual Studio Solution File, Format Version 12.00
# Visual Studio Version 17
VisualStudioVersion = 17.13.35919.96
MinimumVisualStudioVersion = 10.0.40219.1
Project("{FAE04EC0-301F-11D3-BF4B-00C04F79EFBC}") = "CarsRepository", "CarsRepository.csproj", "{FB10FF96-CABA-4E92-9D22-5A4BE189B7F4}"
EndProject
Global
	GlobalSection(SolutionConfigurationPlatforms) = preSolution
		Debug|Any CPU = Debug|Any CPU
		Release|Any CPU = Release|Any CPU
	EndGlobalSection
	GlobalSection(ProjectConfigurationPlatforms) = postSolution
		{FB10FF96-CABA-4E92-9D22-5A4BE189B7F4}.Debug|Any CPU.ActiveCfg = Debug|Any CPU
		{FB10FF96-CABA-4E92-9D22-5A4BE189B7F4}.Debug|Any CPU.Build.0 = Debug|Any CPU
		{FB10FF96-CABA-4E92-9D22-5A4BE189B7F4}.Release|Any CPU.ActiveCfg = Release|Any CPU
		{FB10FF96-CABA-4E92-9D22-5A4BE189B7F4}.Release|Any CPU.Build.0 = Release|Any CPU
	EndGlobalSection
	GlobalSection(SolutionProperties) = preSolution
		HideSolutionNode = FALSE
	EndGlobalSection
	GlobalSection(ExtensibilityGlobals) = postSolution
		SolutionGuid = {BFC1BAB7-7C9B-43DA-9BFE-69D441F151F3}
	EndGlobalSection
EndGlobal
