
Microsoft Visual Studio Solution File, Format Version 12.00
# Visual Studio Version 17
VisualStudioVersion = 17.13.35919.96 d17.13
MinimumVisualStudioVersion = 10.0.40219.1
Project("{FAE04EC0-301F-11D3-BF4B-00C04F79EFBC}") = "WpfSqliteTutorial", "WpfSqliteTutorial.csproj", "{31EB7474-339F-4794-B19C-ED71E10B195E}"
EndProject
Global
	GlobalSection(SolutionConfigurationPlatforms) = preSolution
		Debug|Any CPU = Debug|Any CPU
		Release|Any CPU = Release|Any CPU
	EndGlobalSection
	GlobalSection(ProjectConfigurationPlatforms) = postSolution
		{31EB7474-339F-4794-B19C-ED71E10B195E}.Debug|Any CPU.ActiveCfg = Debug|Any CPU
		{31EB7474-339F-4794-B19C-ED71E10B195E}.Debug|Any CPU.Build.0 = Debug|Any CPU
		{31EB7474-339F-4794-B19C-ED71E10B195E}.Release|Any CPU.ActiveCfg = Release|Any CPU
		{31EB7474-339F-4794-B19C-ED71E10B195E}.Release|Any CPU.Build.0 = Release|Any CPU
	EndGlobalSection
	GlobalSection(SolutionProperties) = preSolution
		HideSolutionNode = FALSE
	EndGlobalSection
	GlobalSection(ExtensibilityGlobals) = postSolution
		SolutionGuid = {F05D5339-FDAC-4F53-85E6-64AB8AF4B8CF}
	EndGlobalSection
EndGlobal
